Microsoft Visual Studio Solution File, Format Version 11.00
# Visual Studio 2008

Project("{22E196DF-D68F-F570-1891-7EE8FC18F04E}") = "ICS484-RaceTheReef", "Assembly-CSharp-firstpass.csproj", "{93CD151A-E306-1AA7-7D0D-7F484EAE6B07}"
EndProject
Project("{22E196DF-D68F-F570-1891-7EE8FC18F04E}") = "ICS484-RaceTheReef", "Assembly-CSharp.csproj", "{6B663DFE-10FD-26F9-247D-0807D5E87B85}"
EndProject
Global
	GlobalSection(SolutionConfigurationPlatforms) = preSolution
		Debug|Any CPU = Debug|Any CPU
		Release|Any CPU = Release|Any CPU
	EndGlobalSection
	GlobalSection(ProjectConfigurationPlatforms) = postSolution
		{93CD151A-E306-1AA7-7D0D-7F484EAE6B07}.Debug|Any CPU.ActiveCfg = Debug|Any CPU
		{93CD151A-E306-1AA7-7D0D-7F484EAE6B07}.Debug|Any CPU.Build.0 = Debug|Any CPU
		{93CD151A-E306-1AA7-7D0D-7F484EAE6B07}.Release|Any CPU.ActiveCfg = Release|Any CPU
		{93CD151A-E306-1AA7-7D0D-7F484EAE6B07}.Release|Any CPU.Build.0 = Release|Any CPU
		{6B663DFE-10FD-26F9-247D-0807D5E87B85}.Debug|Any CPU.ActiveCfg = Debug|Any CPU
		{6B663DFE-10FD-26F9-247D-0807D5E87B85}.Debug|Any CPU.Build.0 = Debug|Any CPU
		{6B663DFE-10FD-26F9-247D-0807D5E87B85}.Release|Any CPU.ActiveCfg = Release|Any CPU
		{6B663DFE-10FD-26F9-247D-0807D5E87B85}.Release|Any CPU.Build.0 = Release|Any CPU
	EndGlobalSection
	GlobalSection(SolutionProperties) = preSolution
		HideSolutionNode = FALSE
	EndGlobalSection
	GlobalSection(MonoDevelopProperties) = preSolution
		StartupItem = Assembly-CSharp.csproj
	EndGlobalSection
EndGlobal
